# THIS IS AN AUTOGENERATED FILE. DO NOT EDIT THIS FILE DIRECTLY.
# yarn lockfile v1


"@types/aws-lambda@^8.10.92":
  version "8.10.96"
  resolved "https://registry.yarnpkg.com/@types/aws-lambda/-/aws-lambda-8.10.96.tgz#29752a3c9d16d613d9b8a555a544d08add747099"
  integrity sha512-jnuITj29oFNGCt8CPR00+krIqfU7llEfhuR2uJuGMkJgMVgpWq6MdLu3vohevw3lEn8NXuoAfldwlScV+muKjQ==
